{
    "_readme": [
        "This file locks the dependencies of your project to a known state",
        "Read more about it at https://getcomposer.org/doc/01-basic-usage.md#composer-lock-the-lock-file",
        "This file is @generated automatically"
    ],
    "hash": "ace9aa4c58ba4f8e38877462f27440e3",
    "packages": [
        {
            "name": "talesoft/tale-framework",
            "version": "dev-master",
            "source": {
                "type": "git",
                "url": "https://github.com/Talesoft/tale-framework.git",
                "reference": "739a7011c6dad409a51c4bcfbcf4b4ffbc8cba49"
            },
            "dist": {
                "type": "zip",
                "url": "https://api.github.com/repos/Talesoft/tale-framework/zipball/739a7011c6dad409a51c4bcfbcf4b4ffbc8cba49",
                "reference": "739a7011c6dad409a51c4bcfbcf4b4ffbc8cba49",
                "shasum": ""
            },
            "require": {
                "php": ">=5.4.0"
            },
            "type": "library",
            "autoload": {
                "psr-0": {
                    "Tale": "src/"
                }
            },
            "notification-url": "https://packagist.org/downloads/",
            "license": [
                "MIT"
            ],
            "authors": [
                {
                    "name": "Torben Köhn",
                    "email": "tk@talesoft.io"
                },
                {
                    "name": "Cagatay Ulubay",
                    "email": "cu@talesoft.io"
                }
            ],
            "description": "The Tale Framework",
            "time": "2015-09-10 17:01:05"
        }
    ],
    "packages-dev": [],
    "aliases": [],
    "minimum-stability": "dev",
    "stability-flags": [],
    "prefer-stable": false,
    "prefer-lowest": false,
    "platform": {
        "php": ">=5.4.0"
    },
    "platform-dev": []
}
